
Microsoft Visual Studio Solution File, Format Version 12.00
# Visual Studio Version 17
VisualStudioVersion = 17.5.002.0
MinimumVisualStudioVersion = 10.0.40219.1
Project("{9A19103F-16F7-4668-BE54-9A1E7A4F7556}") = "Notas-Back", "Notas-Back.csproj", "{B299A8EE-BE16-421E-AE44-3833522155DD}"
EndProject
Global
	GlobalSection(SolutionConfigurationPlatforms) = preSolution
		Debug|Any CPU = Debug|Any CPU
		Release|Any CPU = Release|Any CPU
	EndGlobalSection
	GlobalSection(ProjectConfigurationPlatforms) = postSolution
		{B299A8EE-BE16-421E-AE44-3833522155DD}.Debug|Any CPU.ActiveCfg = Debug|Any CPU
		{B299A8EE-BE16-421E-AE44-3833522155DD}.Debug|Any CPU.Build.0 = Debug|Any CPU
		{B299A8EE-BE16-421E-AE44-3833522155DD}.Release|Any CPU.ActiveCfg = Release|Any CPU
		{B299A8EE-BE16-421E-AE44-3833522155DD}.Release|Any CPU.Build.0 = Release|Any CPU
	EndGlobalSection
	GlobalSection(SolutionProperties) = preSolution
		HideSolutionNode = FALSE
	EndGlobalSection
	GlobalSection(ExtensibilityGlobals) = postSolution
		SolutionGuid = {6604421C-54C2-481F-BE5C-7245CD552361}
	EndGlobalSection
EndGlobal
